// !$*UTF8*$!
{
	archiveVersion = 1;
	classes = {
	};
	objectVersion = 46;
	objects = {

/* Begin PBXBuildFile section */
		702909771CDB0E2500844474 /* LocalAuthentication.framework in Frameworks */ = {isa = PBXBuildFile; fileRef = 702909761CDB0E2500844474 /* LocalAuthentication.framework */; };
		702909791CDB82FC00844474 /* LogInViewController.swift in Sources */ = {isa = PBXBuildFile; fileRef = 702909781CDB82FC00844474 /* LogInViewController.swift */; };
		706B4FA21CD57AEA00654A9E /* PlacesDetailVC.swift in Sources */ = {isa = PBXBuildFile; fileRef = 706B4FA11CD57AEA00654A9E /* PlacesDetailVC.swift */; };
		70A091E41CD4EA9000E25F2F /* AppDelegate.swift in Sources */ = {isa = PBXBuildFile; fileRef = 70A091E31CD4EA9000E25F2F /* AppDelegate.swift */; };
		70A091E61CD4EA9000E25F2F /* ViewController.swift in Sources */ = {isa = PBXBuildFile; fileRef = 70A091E51CD4EA9000E25F2F /* ViewController.swift */; };
		70A091E91CD4EA9000E25F2F /* Main.storyboard in Resources */ = {isa = PBXBuildFile; fileRef = 70A091E71CD4EA9000E25F2F /* Main.storyboard */; };
		70A091EB1CD4EA9000E25F2F /* Assets.xcassets in Resources */ = {isa = PBXBuildFile; fileRef = 70A091EA1CD4EA9000E25F2F /* Assets.xcassets */; };
		70A091EE1CD4EA9000E25F2F /* LaunchScreen.storyboard in Resources */ = {isa = PBXBuildFile; fileRef = 70A091EC1CD4EA9000E25F2F /* LaunchScreen.storyboard */; };
		70A091FA1CD5053800E25F2F /* CoreLocation.framework in Frameworks */ = {isa = PBXBuildFile; fileRef = 70A091F91CD5053800E25F2F /* CoreLocation.framework */; };
		70A091FC1CD505BE00E25F2F /* MapKit.framework in Frameworks */ = {isa = PBXBuildFile; fileRef = 70A091FB1CD505BE00E25F2F /* MapKit.framework */; };
		70BC9E751CD9A28C0044122A /* FavoritesTableVC.swift in Sources */ = {isa = PBXBuildFile; fileRef = 70BC9E741CD9A28C0044122A /* FavoritesTableVC.swift */; };
		70BC9E791CD9B97F0044122A /* OurMapVC.swift in Sources */ = {isa = PBXBuildFile; fileRef = 70BC9E781CD9B97F0044122A /* OurMapVC.swift */; };
		70C4D8B61CDA5DA2001CA808 /* RecoPlacesTableVC.swift in Sources */ = {isa = PBXBuildFile; fileRef = 70C4D8B51CDA5DA2001CA808 /* RecoPlacesTableVC.swift */; };
		70C79F361CD91A660083A333 /* MapVC.swift in Sources */ = {isa = PBXBuildFile; fileRef = 70C79F351CD91A660083A333 /* MapVC.swift */; };
		70C79F381CD921C10083A333 /* CategoryTypeTableVC.swift in Sources */ = {isa = PBXBuildFile; fileRef = 70C79F371CD921C10083A333 /* CategoryTypeTableVC.swift */; };
		70C79F3A1CD940690083A333 /* TableViewCell.swift in Sources */ = {isa = PBXBuildFile; fileRef = 70C79F391CD940690083A333 /* TableViewCell.swift */; };
		70C79F3C1CD96F190083A333 /* PlaceSpecificTableVC.swift in Sources */ = {isa = PBXBuildFile; fileRef = 70C79F3B1CD96F190083A333 /* PlaceSpecificTableVC.swift */; };
		70DD2EB31CD705EC001D8E73 /* Place.swift in Sources */ = {isa = PBXBuildFile; fileRef = 70DD2EB01CD705EC001D8E73 /* Place.swift */; };
		70DD2EB41CD705EC001D8E73 /* Places.swift in Sources */ = {isa = PBXBuildFile; fileRef = 70DD2EB11CD705EC001D8E73 /* Places.swift */; };
		70DD2EB51CD705EC001D8E73 /* ZoomingProtocol.swift in Sources */ = {isa = PBXBuildFile; fileRef = 70DD2EB21CD705EC001D8E73 /* ZoomingProtocol.swift */; };
		70EB33781CDCBB2B00229FA4 /* Contents.json in Resources */ = {isa = PBXBuildFile; fileRef = 70EB336C1CDCBB2B00229FA4 /* Contents.json */; };
		70EB33791CDCBB2B00229FA4 /* Icon-40.png in Resources */ = {isa = PBXBuildFile; fileRef = 70EB336D1CDCBB2B00229FA4 /* Icon-40.png */; };
		70EB337A1CDCBB2B00229FA4 /* Icon-40@2x.png in Resources */ = {isa = PBXBuildFile; fileRef = 70EB336E1CDCBB2B00229FA4 /* Icon-40@2x.png */; };
		70EB337B1CDCBB2B00229FA4 /* Icon-40@3x.png in Resources */ = {isa = PBXBuildFile; fileRef = 70EB336F1CDCBB2B00229FA4 /* Icon-40@3x.png */; };
		70EB337C1CDCBB2B00229FA4 /* Icon-60@2x.png in Resources */ = {isa = PBXBuildFile; fileRef = 70EB33701CDCBB2B00229FA4 /* Icon-60@2x.png */; };
		70EB337D1CDCBB2B00229FA4 /* Icon-60@3x.png in Resources */ = {isa = PBXBuildFile; fileRef = 70EB33711CDCBB2B00229FA4 /* Icon-60@3x.png */; };
		70EB337E1CDCBB2B00229FA4 /* Icon-76.png in Resources */ = {isa = PBXBuildFile; fileRef = 70EB33721CDCBB2B00229FA4 /* Icon-76.png */; };
		70EB337F1CDCBB2B00229FA4 /* Icon-76@2x.png in Resources */ = {isa = PBXBuildFile; fileRef = 70EB33731CDCBB2B00229FA4 /* Icon-76@2x.png */; };
		70EB33801CDCBB2B00229FA4 /* Icon-83.5@2x.png in Resources */ = {isa = PBXBuildFile; fileRef = 70EB33741CDCBB2B00229FA4 /* Icon-83.5@2x.png */; };
		70EB33811CDCBB2B00229FA4 /* Icon-Small.png in Resources */ = {isa = PBXBuildFile; fileRef = 70EB33751CDCBB2B00229FA4 /* Icon-Small.png */; };
		70EB33821CDCBB2B00229FA4 /* Icon-Small@2x.png in Resources */ = {isa = PBXBuildFile; fileRef = 70EB33761CDCBB2B00229FA4 /* Icon-Small@2x.png */; };
		70EB33831CDCBB2B00229FA4 /* Icon-Small@3x.png in Resources */ = {isa = PBXBuildFile; fileRef = 70EB33771CDCBB2B00229FA4 /* Icon-Small@3x.png */; };
		70EB33871CDDA1C200229FA4 /* Social.framework in Frameworks */ = {isa = PBXBuildFile; fileRef = 70EB33861CDDA1C200229FA4 /* Social.framework */; };
		70EB338E1CDE271700229FA4 /* cloudy.jpg in Resources */ = {isa = PBXBuildFile; fileRef = 70EB338A1CDE271700229FA4 /* cloudy.jpg */; };
		70EB338F1CDE271700229FA4 /* Minimalistic Blue Rain On Window iPhone 6 Plus HD Wallpaper.jpg in Resources */ = {isa = PBXBuildFile; fileRef = 70EB338B1CDE271700229FA4 /* Minimalistic Blue Rain On Window iPhone 6 Plus HD Wallpaper.jpg */; };
		70EB33901CDE271700229FA4 /* MainBackground.jpg in Resources */ = {isa = PBXBuildFile; fileRef = 70EB338C1CDE271700229FA4 /* MainBackground.jpg */; };
		70EB33911CDE271700229FA4 /* sunny.jpg in Resources */ = {isa = PBXBuildFile; fileRef = 70EB338D1CDE271700229FA4 /* sunny.jpg */; };
		70EB33941CDE2AC600229FA4 /* MainBackground1.jpg in Resources */ = {isa = PBXBuildFile; fileRef = 70EB33921CDE2AC600229FA4 /* MainBackground1.jpg */; };
		70EB33951CDE2AC600229FA4 /* MainBackground2.jpg in Resources */ = {isa = PBXBuildFile; fileRef = 70EB33931CDE2AC600229FA4 /* MainBackground2.jpg */; };
		70EB33971CDE2D1000229FA4 /* rainy.jpg in Resources */ = {isa = PBXBuildFile; fileRef = 70EB33961CDE2D1000229FA4 /* rainy.jpg */; };
		70EFEBEB1CE170590055FB1E /* reverseGeoVC.swift in Sources */ = {isa = PBXBuildFile; fileRef = 70EFEBEA1CE170590055FB1E /* reverseGeoVC.swift */; };
		70EFEBED1CE170C70055FB1E /* AddressBook.framework in Frameworks */ = {isa = PBXBuildFile; fileRef = 70EFEBEC1CE170C70055FB1E /* AddressBook.framework */; };
		70EFEBF11CE20FDD0055FB1E /* SwiftyJSON.swift in Sources */ = {isa = PBXBuildFile; fileRef = 70EFEBF01CE20FDD0055FB1E /* SwiftyJSON.swift */; };
		70EFEBF61CE210F20055FB1E /* direction-path.png in Resources */ = {isa = PBXBuildFile; fileRef = 70EFEBF21CE210F20055FB1E /* direction-path.png */; };
		70EFEBF71CE210F20055FB1E /* earth-usa.png in Resources */ = {isa = PBXBuildFile; fileRef = 70EFEBF31CE210F20055FB1E /* earth-usa.png */; };
		70EFEBF81CE210F20055FB1E /* facebook.png in Resources */ = {isa = PBXBuildFile; fileRef = 70EFEBF41CE210F20055FB1E /* facebook.png */; };
		70EFEBF91CE210F20055FB1E /* man.png in Resources */ = {isa = PBXBuildFile; fileRef = 70EFEBF51CE210F20055FB1E /* man.png */; };
		70EFEBFB1CE21ACA0055FB1E /* flag.png in Resources */ = {isa = PBXBuildFile; fileRef = 70EFEBFA1CE21ACA0055FB1E /* flag.png */; };
/* End PBXBuildFile section */

/* Begin PBXFileReference section */
		702909761CDB0E2500844474 /* LocalAuthentication.framework */ = {isa = PBXFileReference; lastKnownFileType = wrapper.framework; name = LocalAuthentication.framework; path = System/Library/Frameworks/LocalAuthentication.framework; sourceTree = SDKROOT; };
		702909781CDB82FC00844474 /* LogInViewController.swift */ = {isa = PBXFileReference; fileEncoding = 4; lastKnownFileType = sourcecode.swift; path = LogInViewController.swift; sourceTree = "<group>"; };
		706B4FA11CD57AEA00654A9E /* PlacesDetailVC.swift */ = {isa = PBXFileReference; fileEncoding = 4; lastKnownFileType = sourcecode.swift; name = PlacesDetailVC.swift; path = ../PlacesDetailVC.swift; sourceTree = "<group>"; };
		70A091E01CD4EA9000E25F2F /* TouristApp.app */ = {isa = PBXFileReference; explicitFileType = wrapper.application; includeInIndex = 0; path = TouristApp.app; sourceTree = BUILT_PRODUCTS_DIR; };
		70A091E31CD4EA9000E25F2F /* AppDelegate.swift */ = {isa = PBXFileReference; lastKnownFileType = sourcecode.swift; path = AppDelegate.swift; sourceTree = "<group>"; };
		70A091E51CD4EA9000E25F2F /* ViewController.swift */ = {isa = PBXFileReference; lastKnownFileType = sourcecode.swift; path = ViewController.swift; sourceTree = "<group>"; };
		70A091E81CD4EA9000E25F2F /* Base */ = {isa = PBXFileReference; lastKnownFileType = file.storyboard; name = Base; path = Base.lproj/Main.storyboard; sourceTree = "<group>"; };
		70A091EA1CD4EA9000E25F2F /* Assets.xcassets */ = {isa = PBXFileReference; lastKnownFileType = folder.assetcatalog; path = Assets.xcassets; sourceTree = "<group>"; };
		70A091ED1CD4EA9000E25F2F /* Base */ = {isa = PBXFileReference; lastKnownFileType = file.storyboard; name = Base; path = Base.lproj/LaunchScreen.storyboard; sourceTree = "<group>"; };
		70A091EF1CD4EA9000E25F2F /* Info.plist */ = {isa = PBXFileReference; lastKnownFileType = text.plist.xml; path = Info.plist; sourceTree = "<group>"; };
		70A091F91CD5053800E25F2F /* CoreLocation.framework */ = {isa = PBXFileReference; lastKnownFileType = wrapper.framework; name = CoreLocation.framework; path = System/Library/Frameworks/CoreLocation.framework; sourceTree = SDKROOT; };
		70A091FB1CD505BE00E25F2F /* MapKit.framework */ = {isa = PBXFileReference; lastKnownFileType = wrapper.framework; name = MapKit.framework; path = System/Library/Frameworks/MapKit.framework; sourceTree = SDKROOT; };
		70BC9E741CD9A28C0044122A /* FavoritesTableVC.swift */ = {isa = PBXFileReference; fileEncoding = 4; lastKnownFileType = sourcecode.swift; path = FavoritesTableVC.swift; sourceTree = "<group>"; };
		70BC9E781CD9B97F0044122A /* OurMapVC.swift */ = {isa = PBXFileReference; fileEncoding = 4; lastKnownFileType = sourcecode.swift; path = OurMapVC.swift; sourceTree = "<group>"; };
		70C4D8B51CDA5DA2001CA808 /* RecoPlacesTableVC.swift */ = {isa = PBXFileReference; fileEncoding = 4; lastKnownFileType = sourcecode.swift; path = RecoPlacesTableVC.swift; sourceTree = "<group>"; };
		70C79F351CD91A660083A333 /* MapVC.swift */ = {isa = PBXFileReference; fileEncoding = 4; lastKnownFileType = sourcecode.swift; name = MapVC.swift; path = ../MapVC.swift; sourceTree = "<group>"; };
		70C79F371CD921C10083A333 /* CategoryTypeTableVC.swift */ = {isa = PBXFileReference; fileEncoding = 4; lastKnownFileType = sourcecode.swift; name = CategoryTypeTableVC.swift; path = ../CategoryTypeTableVC.swift; sourceTree = "<group>"; };
		70C79F391CD940690083A333 /* TableViewCell.swift */ = {isa = PBXFileReference; fileEncoding = 4; lastKnownFileType = sourcecode.swift; name = TableViewCell.swift; path = ../TableViewCell.swift; sourceTree = "<group>"; };
		70C79F3B1CD96F190083A333 /* PlaceSpecificTableVC.swift */ = {isa = PBXFileReference; fileEncoding = 4; lastKnownFileType = sourcecode.swift; name = PlaceSpecificTableVC.swift; path = ../PlaceSpecificTableVC.swift; sourceTree = "<group>"; };
		70DD2EB01CD705EC001D8E73 /* Place.swift */ = {isa = PBXFileReference; fileEncoding = 4; lastKnownFileType = sourcecode.swift; name = Place.swift; path = ../Place.swift; sourceTree = "<group>"; };
		70DD2EB11CD705EC001D8E73 /* Places.swift */ = {isa = PBXFileReference; fileEncoding = 4; lastKnownFileType = sourcecode.swift; name = Places.swift; path = ../Places.swift; sourceTree = "<group>"; };
		70DD2EB21CD705EC001D8E73 /* ZoomingProtocol.swift */ = {isa = PBXFileReference; fileEncoding = 4; lastKnownFileType = sourcecode.swift; name = ZoomingProtocol.swift; path = ../ZoomingProtocol.swift; sourceTree = "<group>"; };
		70EB336C1CDCBB2B00229FA4 /* Contents.json */ = {isa = PBXFileReference; fileEncoding = 4; lastKnownFileType = text.json; path = Contents.json; sourceTree = "<group>"; };
		70EB336D1CDCBB2B00229FA4 /* Icon-40.png */ = {isa = PBXFileReference; lastKnownFileType = image.png; path = "Icon-40.png"; sourceTree = "<group>"; };
		70EB336E1CDCBB2B00229FA4 /* Icon-40@2x.png */ = {isa = PBXFileReference; lastKnownFileType = image.png; path = "Icon-40@2x.png"; sourceTree = "<group>"; };
		70EB336F1CDCBB2B00229FA4 /* Icon-40@3x.png */ = {isa = PBXFileReference; lastKnownFileType = image.png; path = "Icon-40@3x.png"; sourceTree = "<group>"; };
		70EB33701CDCBB2B00229FA4 /* Icon-60@2x.png */ = {isa = PBXFileReference; lastKnownFileType = image.png; path = "Icon-60@2x.png"; sourceTree = "<group>"; };
		70EB33711CDCBB2B00229FA4 /* Icon-60@3x.png */ = {isa = PBXFileReference; lastKnownFileType = image.png; path = "Icon-60@3x.png"; sourceTree = "<group>"; };
		70EB33721CDCBB2B00229FA4 /* Icon-76.png */ = {isa = PBXFileReference; lastKnownFileType = image.png; path = "Icon-76.png"; sourceTree = "<group>"; };
		70EB33731CDCBB2B00229FA4 /* Icon-76@2x.png */ = {isa = PBXFileReference; lastKnownFileType = image.png; path = "Icon-76@2x.png"; sourceTree = "<group>"; };
		70EB33741CDCBB2B00229FA4 /* Icon-83.5@2x.png */ = {isa = PBXFileReference; lastKnownFileType = image.png; path = "Icon-83.5@2x.png"; sourceTree = "<group>"; };
		70EB33751CDCBB2B00229FA4 /* Icon-Small.png */ = {isa = PBXFileReference; lastKnownFileType = image.png; path = "Icon-Small.png"; sourceTree = "<group>"; };
		70EB33761CDCBB2B00229FA4 /* Icon-Small@2x.png */ = {isa = PBXFileReference; lastKnownFileType = image.png; path = "Icon-Small@2x.png"; sourceTree = "<group>"; };
		70EB33771CDCBB2B00229FA4 /* Icon-Small@3x.png */ = {isa = PBXFileReference; lastKnownFileType = image.png; path = "Icon-Small@3x.png"; sourceTree = "<group>"; };
		70EB33861CDDA1C200229FA4 /* Social.framework */ = {isa = PBXFileReference; lastKnownFileType = wrapper.framework; name = Social.framework; path = System/Library/Frameworks/Social.framework; sourceTree = SDKROOT; };
		70EB338A1CDE271700229FA4 /* cloudy.jpg */ = {isa = PBXFileReference; lastKnownFileType = image.jpeg; path = cloudy.jpg; sourceTree = "<group>"; };
		70EB338B1CDE271700229FA4 /* Minimalistic Blue Rain On Window iPhone 6 Plus HD Wallpaper.jpg */ = {isa = PBXFileReference; lastKnownFileType = image.jpeg; path = "Minimalistic Blue Rain On Window iPhone 6 Plus HD Wallpaper.jpg"; sourceTree = "<group>"; };
		70EB338C1CDE271700229FA4 /* MainBackground.jpg */ = {isa = PBXFileReference; lastKnownFileType = image.jpeg; path = MainBackground.jpg; sourceTree = "<group>"; };
		70EB338D1CDE271700229FA4 /* sunny.jpg */ = {isa = PBXFileReference; lastKnownFileType = image.jpeg; path = sunny.jpg; sourceTree = "<group>"; };
		70EB33921CDE2AC600229FA4 /* MainBackground1.jpg */ = {isa = PBXFileReference; lastKnownFileType = image.jpeg; path = MainBackground1.jpg; sourceTree = "<group>"; };
		70EB33931CDE2AC600229FA4 /* MainBackground2.jpg */ = {isa = PBXFileReference; lastKnownFileType = image.jpeg; path = MainBackground2.jpg; sourceTree = "<group>"; };
		70EB33961CDE2D1000229FA4 /* rainy.jpg */ = {isa = PBXFileReference; lastKnownFileType = image.jpeg; path = rainy.jpg; sourceTree = "<group>"; };
		70EFEBEA1CE170590055FB1E /* reverseGeoVC.swift */ = {isa = PBXFileReference; fileEncoding = 4; lastKnownFileType = sourcecode.swift; path = reverseGeoVC.swift; sourceTree = "<group>"; };
		70EFEBEC1CE170C70055FB1E /* AddressBook.framework */ = {isa = PBXFileReference; lastKnownFileType = wrapper.framework; name = AddressBook.framework; path = System/Library/Frameworks/AddressBook.framework; sourceTree = SDKROOT; };
		70EFEBF01CE20FDD0055FB1E /* SwiftyJSON.swift */ = {isa = PBXFileReference; fileEncoding = 4; lastKnownFileType = sourcecode.swift; path = SwiftyJSON.swift; sourceTree = SOURCE_ROOT; };
		70EFEBF21CE210F20055FB1E /* direction-path.png */ = {isa = PBXFileReference; lastKnownFileType = image.png; path = "direction-path.png"; sourceTree = "<group>"; };
		70EFEBF31CE210F20055FB1E /* earth-usa.png */ = {isa = PBXFileReference; lastKnownFileType = image.png; path = "earth-usa.png"; sourceTree = "<group>"; };
		70EFEBF41CE210F20055FB1E /* facebook.png */ = {isa = PBXFileReference; lastKnownFileType = image.png; path = facebook.png; sourceTree = "<group>"; };
		70EFEBF51CE210F20055FB1E /* man.png */ = {isa = PBXFileReference; lastKnownFileType = image.png; path = man.png; sourceTree = "<group>"; };
		70EFEBFA1CE21ACA0055FB1E /* flag.png */ = {isa = PBXFileReference; lastKnownFileType = image.png; path = flag.png; sourceTree = "<group>"; };
/* End PBXFileReference section */

/* Begin PBXFrameworksBuildPhase section */
		70A091DD1CD4EA9000E25F2F /* Frameworks */ = {
			isa = PBXFrameworksBuildPhase;
			buildActionMask = 2147483647;
			files = (
				70EFEBED1CE170C70055FB1E /* AddressBook.framework in Frameworks */,
				70EB33871CDDA1C200229FA4 /* Social.framework in Frameworks */,
				702909771CDB0E2500844474 /* LocalAuthentication.framework in Frameworks */,
				70A091FC1CD505BE00E25F2F /* MapKit.framework in Frameworks */,
				70A091FA1CD5053800E25F2F /* CoreLocation.framework in Frameworks */,
			);
			runOnlyForDeploymentPostprocessing = 0;
		};
/* End PBXFrameworksBuildPhase section */

/* Begin PBXGroup section */
		709016C61CD99F7400EDCFAF /* Resources */ = {
			isa = PBXGroup;
			children = (
				70EFEBFA1CE21ACA0055FB1E /* flag.png */,
				70EFEBF21CE210F20055FB1E /* direction-path.png */,
				70EFEBF31CE210F20055FB1E /* earth-usa.png */,
				70EFEBF41CE210F20055FB1E /* facebook.png */,
				70EFEBF51CE210F20055FB1E /* man.png */,
				70EB33961CDE2D1000229FA4 /* rainy.jpg */,
				70EB33921CDE2AC600229FA4 /* MainBackground1.jpg */,
				70EB33931CDE2AC600229FA4 /* MainBackground2.jpg */,
				70EB338A1CDE271700229FA4 /* cloudy.jpg */,
				70EB338B1CDE271700229FA4 /* Minimalistic Blue Rain On Window iPhone 6 Plus HD Wallpaper.jpg */,
				70EB338C1CDE271700229FA4 /* MainBackground.jpg */,
				70EB338D1CDE271700229FA4 /* sunny.jpg */,
				70EB336B1CDCBB2B00229FA4 /* AppIcon.appiconset */,
			);
			name = Resources;
			path = ..;
			sourceTree = "<group>";
		};
		709016C71CD99FBA00EDCFAF /* Models */ = {
			isa = PBXGroup;
			children = (
				70DD2EB01CD705EC001D8E73 /* Place.swift */,
				70DD2EB11CD705EC001D8E73 /* Places.swift */,
			);
			name = Models;
			sourceTree = "<group>";
		};
		709016C81CD99FD600EDCFAF /* ViewControllers */ = {
			isa = PBXGroup;
			children = (
				70A091E51CD4EA9000E25F2F /* ViewController.swift */,
				70C79F3B1CD96F190083A333 /* PlaceSpecificTableVC.swift */,
				70C79F371CD921C10083A333 /* CategoryTypeTableVC.swift */,
				70C79F351CD91A660083A333 /* MapVC.swift */,
				706B4FA11CD57AEA00654A9E /* PlacesDetailVC.swift */,
				70BC9E741CD9A28C0044122A /* FavoritesTableVC.swift */,
				70BC9E781CD9B97F0044122A /* OurMapVC.swift */,
				70C4D8B51CDA5DA2001CA808 /* RecoPlacesTableVC.swift */,
				702909781CDB82FC00844474 /* LogInViewController.swift */,
				70EFEBEA1CE170590055FB1E /* reverseGeoVC.swift */,
			);
			name = ViewControllers;
			sourceTree = "<group>";
		};
		709016C91CD9A00000EDCFAF /* Utilities */ = {
			isa = PBXGroup;
			children = (
				70EFEBF01CE20FDD0055FB1E /* SwiftyJSON.swift */,
				70C79F391CD940690083A333 /* TableViewCell.swift */,
				70DD2EB21CD705EC001D8E73 /* ZoomingProtocol.swift */,
			);
			name = Utilities;
			sourceTree = "<group>";
		};
		70A091D71CD4EA9000E25F2F = {
			isa = PBXGroup;
			children = (
				70EFEBEC1CE170C70055FB1E /* AddressBook.framework */,
				70EB33861CDDA1C200229FA4 /* Social.framework */,
				702909761CDB0E2500844474 /* LocalAuthentication.framework */,
				70A091FB1CD505BE00E25F2F /* MapKit.framework */,
				70A091F91CD5053800E25F2F /* CoreLocation.framework */,
				70A091E21CD4EA9000E25F2F /* iOSProject */,
				70A091E11CD4EA9000E25F2F /* Products */,
			);
			sourceTree = "<group>";
		};
		70A091E11CD4EA9000E25F2F /* Products */ = {
			isa = PBXGroup;
			children = (
				70A091E01CD4EA9000E25F2F /* TouristApp.app */,
			);
			name = Products;
			sourceTree = "<group>";
		};
		70A091E21CD4EA9000E25F2F /* iOSProject */ = {
			isa = PBXGroup;
			children = (
				709016C91CD9A00000EDCFAF /* Utilities */,
				709016C81CD99FD600EDCFAF /* ViewControllers */,
				709016C71CD99FBA00EDCFAF /* Models */,
				709016C61CD99F7400EDCFAF /* Resources */,
				70A091E31CD4EA9000E25F2F /* AppDelegate.swift */,
				70A091E71CD4EA9000E25F2F /* Main.storyboard */,
				70A091EA1CD4EA9000E25F2F /* Assets.xcassets */,
				70A091EC1CD4EA9000E25F2F /* LaunchScreen.storyboard */,
				70A091EF1CD4EA9000E25F2F /* Info.plist */,
			);
			path = iOSProject;
			sourceTree = "<group>";
		};
		70EB336B1CDCBB2B00229FA4 /* AppIcon.appiconset */ = {
			isa = PBXGroup;
			children = (
				70EB336C1CDCBB2B00229FA4 /* Contents.json */,
				70EB336D1CDCBB2B00229FA4 /* Icon-40.png */,
				70EB336E1CDCBB2B00229FA4 /* Icon-40@2x.png */,
				70EB336F1CDCBB2B00229FA4 /* Icon-40@3x.png */,
				70EB33701CDCBB2B00229FA4 /* Icon-60@2x.png */,
				70EB33711CDCBB2B00229FA4 /* Icon-60@3x.png */,
				70EB33721CDCBB2B00229FA4 /* Icon-76.png */,
				70EB33731CDCBB2B00229FA4 /* Icon-76@2x.png */,
				70EB33741CDCBB2B00229FA4 /* Icon-83.5@2x.png */,
				70EB33751CDCBB2B00229FA4 /* Icon-Small.png */,
				70EB33761CDCBB2B00229FA4 /* Icon-Small@2x.png */,
				70EB33771CDCBB2B00229FA4 /* Icon-Small@3x.png */,
			);
			path = AppIcon.appiconset;
			sourceTree = "<group>";
		};
/* End PBXGroup section */

/* Begin PBXNativeTarget section */
		70A091DF1CD4EA9000E25F2F /* TouristApp */ = {
			isa = PBXNativeTarget;
			buildConfigurationList = 70A091F21CD4EA9000E25F2F /* Build configuration list for PBXNativeTarget "TouristApp" */;
			buildPhases = (
				70A091DC1CD4EA9000E25F2F /* Sources */,
				70A091DD1CD4EA9000E25F2F /* Frameworks */,
				70A091DE1CD4EA9000E25F2F /* Resources */,
			);
			buildRules = (
			);
			dependencies = (
			);
			name = TouristApp;
			productName = iOSProject;
			productReference = 70A091E01CD4EA9000E25F2F /* TouristApp.app */;
			productType = "com.apple.product-type.application";
		};
/* End PBXNativeTarget section */

/* Begin PBXProject section */
		70A091D81CD4EA9000E25F2F /* Project object */ = {
			isa = PBXProject;
			attributes = {
				LastSwiftUpdateCheck = 0730;
				LastUpgradeCheck = 0730;
				ORGANIZATIONNAME = "Sourabh Deshkulkarni";
				TargetAttributes = {
					70A091DF1CD4EA9000E25F2F = {
						CreatedOnToolsVersion = 7.3;
						DevelopmentTeam = 7NA7T2E98A;
					};
				};
			};
			buildConfigurationList = 70A091DB1CD4EA9000E25F2F /* Build configuration list for PBXProject "TouristApp" */;
			compatibilityVersion = "Xcode 3.2";
			developmentRegion = English;
			hasScannedForEncodings = 0;
			knownRegions = (
				en,
				Base,
			);
			mainGroup = 70A091D71CD4EA9000E25F2F;
			productRefGroup = 70A091E11CD4EA9000E25F2F /* Products */;
			projectDirPath = "";
			projectRoot = "";
			targets = (
				70A091DF1CD4EA9000E25F2F /* TouristApp */,
			);
		};
/* End PBXProject section */

/* Begin PBXResourcesBuildPhase section */
		70A091DE1CD4EA9000E25F2F /* Resources */ = {
			isa = PBXResourcesBuildPhase;
			buildActionMask = 2147483647;
			files = (
				70EFEBF61CE210F20055FB1E /* direction-path.png in Resources */,
				70EB337D1CDCBB2B00229FA4 /* Icon-60@3x.png in Resources */,
				70EFEBFB1CE21ACA0055FB1E /* flag.png in Resources */,
				70EB33831CDCBB2B00229FA4 /* Icon-Small@3x.png in Resources */,
				70EFEBF71CE210F20055FB1E /* earth-usa.png in Resources */,
				70EB337F1CDCBB2B00229FA4 /* Icon-76@2x.png in Resources */,
				70A091EE1CD4EA9000E25F2F /* LaunchScreen.storyboard in Resources */,
				70EB337C1CDCBB2B00229FA4 /* Icon-60@2x.png in Resources */,
				70EB337A1CDCBB2B00229FA4 /* Icon-40@2x.png in Resources */,
				70EB337B1CDCBB2B00229FA4 /* Icon-40@3x.png in Resources */,
				70EB33901CDE271700229FA4 /* MainBackground.jpg in Resources */,
				70EB33801CDCBB2B00229FA4 /* Icon-83.5@2x.png in Resources */,
				70EB33911CDE271700229FA4 /* sunny.jpg in Resources */,
				70EB338E1CDE271700229FA4 /* cloudy.jpg in Resources */,
				70EB33951CDE2AC600229FA4 /* MainBackground2.jpg in Resources */,
				70A091EB1CD4EA9000E25F2F /* Assets.xcassets in Resources */,
				70A091E91CD4EA9000E25F2F /* Main.storyboard in Resources */,
				70EB337E1CDCBB2B00229FA4 /* Icon-76.png in Resources */,
				70EB338F1CDE271700229FA4 /* Minimalistic Blue Rain On Window iPhone 6 Plus HD Wallpaper.jpg in Resources */,
				70EB33941CDE2AC600229FA4 /* MainBackground1.jpg in Resources */,
				70EB33971CDE2D1000229FA4 /* rainy.jpg in Resources */,
				70EB33781CDCBB2B00229FA4 /* Contents.json in Resources */,
				70EFEBF91CE210F20055FB1E /* man.png in Resources */,
				70EB33821CDCBB2B00229FA4 /* Icon-Small@2x.png in Resources */,
				70EB33791CDCBB2B00229FA4 /* Icon-40.png in Resources */,
				70EFEBF81CE210F20055FB1E /* facebook.png in Resources */,
				70EB33811CDCBB2B00229FA4 /* Icon-Small.png in Resources */,
			);
			runOnlyForDeploymentPostprocessing = 0;
		};
/* End PBXResourcesBuildPhase section */

/* Begin PBXSourcesBuildPhase section */
		70A091DC1CD4EA9000E25F2F /* Sources */ = {
			isa = PBXSourcesBuildPhase;
			buildActionMask = 2147483647;
			files = (
				70C79F3C1CD96F190083A333 /* PlaceSpecificTableVC.swift in Sources */,
				70BC9E751CD9A28C0044122A /* FavoritesTableVC.swift in Sources */,
				70DD2EB31CD705EC001D8E73 /* Place.swift in Sources */,
				70A091E61CD4EA9000E25F2F /* ViewController.swift in Sources */,
				70DD2EB41CD705EC001D8E73 /* Places.swift in Sources */,
				70BC9E791CD9B97F0044122A /* OurMapVC.swift in Sources */,
				70DD2EB51CD705EC001D8E73 /* ZoomingProtocol.swift in Sources */,
				702909791CDB82FC00844474 /* LogInViewController.swift in Sources */,
				70C4D8B61CDA5DA2001CA808 /* RecoPlacesTableVC.swift in Sources */,
				70C79F3A1CD940690083A333 /* TableViewCell.swift in Sources */,
				70C79F361CD91A660083A333 /* MapVC.swift in Sources */,
				70EFEBF11CE20FDD0055FB1E /* SwiftyJSON.swift in Sources */,
				70A091E41CD4EA9000E25F2F /* AppDelegate.swift in Sources */,
				70EFEBEB1CE170590055FB1E /* reverseGeoVC.swift in Sources */,
				706B4FA21CD57AEA00654A9E /* PlacesDetailVC.swift in Sources */,
				70C79F381CD921C10083A333 /* CategoryTypeTableVC.swift in Sources */,
			);
			runOnlyForDeploymentPostprocessing = 0;
		};
/* End PBXSourcesBuildPhase section */

/* Begin PBXVariantGroup section */
		70A091E71CD4EA9000E25F2F /* Main.storyboard */ = {
			isa = PBXVariantGroup;
			children = (
				70A091E81CD4EA9000E25F2F /* Base */,
			);
			name = Main.storyboard;
			sourceTree = "<group>";
		};
		70A091EC1CD4EA9000E25F2F /* LaunchScreen.storyboard */ = {
			isa = PBXVariantGroup;
			children = (
				70A091ED1CD4EA9000E25F2F /* Base */,
			);
			name = LaunchScreen.storyboard;
			sourceTree = "<group>";
		};
/* End PBXVariantGroup section */

/* Begin XCBuildConfiguration section */
		70A091F01CD4EA9000E25F2F /* Debug */ = {
			isa = XCBuildConfiguration;
			buildSettings = {
				ALWAYS_SEARCH_USER_PATHS = NO;
				CLANG_ANALYZER_NONNULL = YES;
				CLANG_CXX_LANGUAGE_STANDARD = "gnu++0x";
				CLANG_CXX_LIBRARY = "libc++";
				CLANG_ENABLE_MODULES = YES;
				CLANG_ENABLE_OBJC_ARC = YES;
				CLANG_WARN_BOOL_CONVERSION = YES;
				CLANG_WARN_CONSTANT_CONVERSION = YES;
				CLANG_WARN_DIRECT_OBJC_ISA_USAGE = YES_ERROR;
				CLANG_WARN_EMPTY_BODY = YES;
				CLANG_WARN_ENUM_CONVERSION = YES;
				CLANG_WARN_INT_CONVERSION = YES;
				CLANG_WARN_OBJC_ROOT_CLASS = YES_ERROR;
				CLANG_WARN_UNREACHABLE_CODE = YES;
				CLANG_WARN__DUPLICATE_METHOD_MATCH = YES;
				"CODE_SIGN_IDENTITY[sdk=iphoneos*]" = "iPhone Developer";
				COPY_PHASE_STRIP = NO;
				DEBUG_INFORMATION_FORMAT = dwarf;
				ENABLE_STRICT_OBJC_MSGSEND = YES;
				ENABLE_TESTABILITY = YES;
				GCC_C_LANGUAGE_STANDARD = gnu99;
				GCC_DYNAMIC_NO_PIC = NO;
				GCC_NO_COMMON_BLOCKS = YES;
				GCC_OPTIMIZATION_LEVEL = 0;
				GCC_PREPROCESSOR_DEFINITIONS = (
					"DEBUG=1",
					"$(inherited)",
				);
				GCC_WARN_64_TO_32_BIT_CONVERSION = YES;
				GCC_WARN_ABOUT_RETURN_TYPE = YES_ERROR;
				GCC_WARN_UNDECLARED_SELECTOR = YES;
				GCC_WARN_UNINITIALIZED_AUTOS = YES_AGGRESSIVE;
				GCC_WARN_UNUSED_FUNCTION = YES;
				GCC_WARN_UNUSED_VARIABLE = YES;
				IPHONEOS_DEPLOYMENT_TARGET = 9.3;
				MTL_ENABLE_DEBUG_INFO = YES;
				ONLY_ACTIVE_ARCH = YES;
				SDKROOT = iphoneos;
				SWIFT_OPTIMIZATION_LEVEL = "-Onone";
			};
			name = Debug;
		};
		70A091F11CD4EA9000E25F2F /* Release */ = {
			isa = XCBuildConfiguration;
			buildSettings = {
				ALWAYS_SEARCH_USER_PATHS = NO;
				CLANG_ANALYZER_NONNULL = YES;
				CLANG_CXX_LANGUAGE_STANDARD = "gnu++0x";
				CLANG_CXX_LIBRARY = "libc++";
				CLANG_ENABLE_MODULES = YES;
				CLANG_ENABLE_OBJC_ARC = YES;
				CLANG_WARN_BOOL_CONVERSION = YES;
				CLANG_WARN_CONSTANT_CONVERSION = YES;
				CLANG_WARN_DIRECT_OBJC_ISA_USAGE = YES_ERROR;
				CLANG_WARN_EMPTY_BODY = YES;
				CLANG_WARN_ENUM_CONVERSION = YES;
				CLANG_WARN_INT_CONVERSION = YES;
				CLANG_WARN_OBJC_ROOT_CLASS = YES_ERROR;
				CLANG_WARN_UNREACHABLE_CODE = YES;
				CLANG_WARN__DUPLICATE_METHOD_MATCH = YES;
				"CODE_SIGN_IDENTITY[sdk=iphoneos*]" = "iPhone Developer";
				COPY_PHASE_STRIP = NO;
				DEBUG_INFORMATION_FORMAT = "dwarf-with-dsym";
				ENABLE_NS_ASSERTIONS = NO;
				ENABLE_STRICT_OBJC_MSGSEND = YES;
				GCC_C_LANGUAGE_STANDARD = gnu99;
				GCC_NO_COMMON_BLOCKS = YES;
				GCC_WARN_64_TO_32_BIT_CONVERSION = YES;
				GCC_WARN_ABOUT_RETURN_TYPE = YES_ERROR;
				GCC_WARN_UNDECLARED_SELECTOR = YES;
				GCC_WARN_UNINITIALIZED_AUTOS = YES_AGGRESSIVE;
				GCC_WARN_UNUSED_FUNCTION = YES;
				GCC_WARN_UNUSED_VARIABLE = YES;
				IPHONEOS_DEPLOYMENT_TARGET = 9.3;
				MTL_ENABLE_DEBUG_INFO = NO;
				SDKROOT = iphoneos;
				VALIDATE_PRODUCT = YES;
			};
			name = Release;
		};
		70A091F31CD4EA9000E25F2F /* Debug */ = {
			isa = XCBuildConfiguration;
			buildSettings = {
				ASSETCATALOG_COMPILER_APPICON_NAME = AppIcon;
				INFOPLIST_FILE = iOSProject/Info.plist;
				LD_RUNPATH_SEARCH_PATHS = "$(inherited) @executable_path/Frameworks";
				PRODUCT_BUNDLE_IDENTIFIER = comSourabh.iOSProject;
				PRODUCT_NAME = TouristApp;
			};
			name = Debug;
		};
		70A091F41CD4EA9000E25F2F /* Release */ = {
			isa = XCBuildConfiguration;
			buildSettings = {
				ASSETCATALOG_COMPILER_APPICON_NAME = AppIcon;
				INFOPLIST_FILE = iOSProject/Info.plist;
				LD_RUNPATH_SEARCH_PATHS = "$(inherited) @executable_path/Frameworks";
				PRODUCT_BUNDLE_IDENTIFIER = comSourabh.iOSProject;
				PRODUCT_NAME = TouristApp;
			};
			name = Release;
		};
/* End XCBuildConfiguration section */

/* Begin XCConfigurationList section */
		70A091DB1CD4EA9000E25F2F /* Build configuration list for PBXProject "TouristApp" */ = {
			isa = XCConfigurationList;
			buildConfigurations = (
				70A091F01CD4EA9000E25F2F /* Debug */,
				70A091F11CD4EA9000E25F2F /* Release */,
			);
			defaultConfigurationIsVisible = 0;
			defaultConfigurationName = Release;
		};
		70A091F21CD4EA9000E25F2F /* Build configuration list for PBXNativeTarget "TouristApp" */ = {
			isa = XCConfigurationList;
			buildConfigurations = (
				70A091F31CD4EA9000E25F2F /* Debug */,
				70A091F41CD4EA9000E25F2F /* Release */,
			);
			defaultConfigurationIsVisible = 0;
			defaultConfigurationName = Release;
		};
/* End XCConfigurationList section */
	};
	rootObject = 70A091D81CD4EA9000E25F2F /* Project object */;
}
